
Microsoft Visual Studio Solution File, Format Version 11.00
# Visual Studio 2010
Project("{FAE04EC0-301F-11D3-BF4B-00C04F79EFBC}") = "Assembly-CSharp", "Assembly-CSharp.csproj", "{EEFB6317-9A27-D64B-0004-AAD3F49B0535}"
EndProject
Global
	GlobalSection(SolutionConfigurationPlatforms) = preSolution
		Debug|Any CPU = Debug|Any CPU
		Release|Any CPU = Release|Any CPU
	EndGlobalSection
	GlobalSection(ProjectConfigurationPlatforms) = postSolution
		{EEFB6317-9A27-D64B-0004-AAD3F49B0535}.Debug|Any CPU.ActiveCfg = Debug|Any CPU
		{EEFB6317-9A27-D64B-0004-AAD3F49B0535}.Debug|Any CPU.Build.0 = Debug|Any CPU
		{EEFB6317-9A27-D64B-0004-AAD3F49B0535}.Release|Any CPU.ActiveCfg = Release|Any CPU
		{EEFB6317-9A27-D64B-0004-AAD3F49B0535}.Release|Any CPU.Build.0 = Release|Any CPU
	EndGlobalSection
	GlobalSection(SolutionProperties) = preSolution
		HideSolutionNode = FALSE
	EndGlobalSection
EndGlobal
